
Microsoft Visual Studio Solution File, Format Version 12.00
# Visual Studio Version 17
VisualStudioVersion = 17.6.33829.357
MinimumVisualStudioVersion = 10.0.40219.1
Project("{9A19103F-16F7-4668-BE54-9A1E7A4F7556}") = "DemoWebApi6", "DemoWebApi6\DemoWebApi6.csproj", "{8CD818EC-701F-4600-973E-90AA7D03C047}"
EndProject
Global
	GlobalSection(SolutionConfigurationPlatforms) = preSolution
		Debug|Any CPU = Debug|Any CPU
		Release|Any CPU = Release|Any CPU
	EndGlobalSection
	GlobalSection(ProjectConfigurationPlatforms) = postSolution
		{8CD818EC-701F-4600-973E-90AA7D03C047}.Debug|Any CPU.ActiveCfg = Debug|Any CPU
		{8CD818EC-701F-4600-973E-90AA7D03C047}.Debug|Any CPU.Build.0 = Debug|Any CPU
		{8CD818EC-701F-4600-973E-90AA7D03C047}.Release|Any CPU.ActiveCfg = Release|Any CPU
		{8CD818EC-701F-4600-973E-90AA7D03C047}.Release|Any CPU.Build.0 = Release|Any CPU
	EndGlobalSection
	GlobalSection(SolutionProperties) = preSolution
		HideSolutionNode = FALSE
	EndGlobalSection
	GlobalSection(ExtensibilityGlobals) = postSolution
		SolutionGuid = {F9EDC23C-F457-4659-8E2C-60860388FCB9}
	EndGlobalSection
EndGlobal
